
Microsoft Visual Studio Solution File, Format Version 12.00
# Visual Studio Version 16
VisualStudioVersion = 16.0.29609.76
MinimumVisualStudioVersion = 10.0.40219.1
Project("{9A19103F-16F7-4668-BE54-9A1E7A4F7556}") = "Controllers", "Controllers\Controllers.csproj", "{7447FFF6-137A-4C23-BE88-C39736DCB75E}"
EndProject
Project("{9A19103F-16F7-4668-BE54-9A1E7A4F7556}") = "GpsAppDB", "GpsAppDB\GpsAppDB.csproj", "{A4FAF08C-576B-49D1-8DED-735CD517B811}"
EndProject
Global
	GlobalSection(SolutionConfigurationPlatforms) = preSolution
		Debug|Any CPU = Debug|Any CPU
		Release|Any CPU = Release|Any CPU
	EndGlobalSection
	GlobalSection(ProjectConfigurationPlatforms) = postSolution
		{7447FFF6-137A-4C23-BE88-C39736DCB75E}.Debug|Any CPU.ActiveCfg = Debug|Any CPU
		{7447FFF6-137A-4C23-BE88-C39736DCB75E}.Debug|Any CPU.Build.0 = Debug|Any CPU
		{7447FFF6-137A-4C23-BE88-C39736DCB75E}.Release|Any CPU.ActiveCfg = Release|Any CPU
		{7447FFF6-137A-4C23-BE88-C39736DCB75E}.Release|Any CPU.Build.0 = Release|Any CPU
		{A4FAF08C-576B-49D1-8DED-735CD517B811}.Debug|Any CPU.ActiveCfg = Debug|Any CPU
		{A4FAF08C-576B-49D1-8DED-735CD517B811}.Debug|Any CPU.Build.0 = Debug|Any CPU
		{A4FAF08C-576B-49D1-8DED-735CD517B811}.Release|Any CPU.ActiveCfg = Release|Any CPU
		{A4FAF08C-576B-49D1-8DED-735CD517B811}.Release|Any CPU.Build.0 = Release|Any CPU
	EndGlobalSection
	GlobalSection(SolutionProperties) = preSolution
		HideSolutionNode = FALSE
	EndGlobalSection
	GlobalSection(ExtensibilityGlobals) = postSolution
		SolutionGuid = {ABC80808-F177-46B7-B259-CDB0C7245705}
	EndGlobalSection
EndGlobal
